{
  "requires": true,
  "lockfileVersion": 1,
  "dependencies": {
    "axe-core": {
      "version": "3.0.1",
      "resolved": "https://registry.npmjs.org/axe-core/-/axe-core-3.0.1.tgz",
      "integrity": "sha512-tHyIN1XNZbbazslpmlaLHq7xEWEcv7gZ8xk/BHoSSG4tJay6orGn7zOzmC1Wp/Eokw2ojUUFCeVQyUeh3h172w=="
    }
  }
}
